
Microsoft Visual Studio Solution File, Format Version 12.00
# Visual Studio 15
VisualStudioVersion = 15.0.28010.2046
MinimumVisualStudioVersion = 10.0.40219.1
Project("{FAE04EC0-301F-11D3-BF4B-00C04F79EFBC}") = "JournalCli", "JournalCli\JournalCli.csproj", "{01D8AE92-4D5D-436B-9B01-B14AEDFE5467}"
EndProject
Global
	GlobalSection(SolutionConfigurationPlatforms) = preSolution
		Debug|Any CPU = Debug|Any CPU
		Release|Any CPU = Release|Any CPU
	EndGlobalSection
	GlobalSection(ProjectConfigurationPlatforms) = postSolution
		{01D8AE92-4D5D-436B-9B01-B14AEDFE5467}.Debug|Any CPU.ActiveCfg = Debug|Any CPU
		{01D8AE92-4D5D-436B-9B01-B14AEDFE5467}.Debug|Any CPU.Build.0 = Debug|Any CPU
		{01D8AE92-4D5D-436B-9B01-B14AEDFE5467}.Release|Any CPU.ActiveCfg = Release|Any CPU
		{01D8AE92-4D5D-436B-9B01-B14AEDFE5467}.Release|Any CPU.Build.0 = Release|Any CPU
	EndGlobalSection
	GlobalSection(SolutionProperties) = preSolution
		HideSolutionNode = FALSE
	EndGlobalSection
	GlobalSection(ExtensibilityGlobals) = postSolution
		SolutionGuid = {54530BBE-2A7A-4996-87C1-5C5F609E0687}
	EndGlobalSection
EndGlobal
